github.com/joho/godotenv v1.4.0 h1:3l4+N6zfMWnkbPEXKng2o2/MR5mSwTrBih4ZEkkz1lg=
github.com/joho/godotenv v1.4.0/go.mod h1:f4LDr5Voq0i2e/R5DDNOoa2zzDfwtkZa6DnEwAbqwq4=
github.com/taitai9847/goblueprints/ch4/thesaurus v0.0.0-20210928032213-8749194f999d h1:26Gqqpxhkm/B2YMnzX3E4TlTZCwBhfJqjXZvJkEac5g=
github.com/taitai9847/goblueprints/ch4/thesaurus v0.0.0-20210928032213-8749194f999d/go.mod h1:616CgeuH5d9rW1jP2bVWAQxqY+5BlThVU2en+DIvERs=
